
Microsoft Visual Studio Solution File, Format Version 12.00
# Visual Studio 2015
Project("{FAE04EC0-301F-11D3-BF4B-00C04F79EFBC}") = "Wizards.CSharp", "Wizards.CSharp.csproj", "{7746D20F-960A-961A-C537-4BF4228A88D1}"
EndProject
Project("{FAE04EC0-301F-11D3-BF4B-00C04F79EFBC}") = "Wizards.CSharp.Editor", "Wizards.CSharp.Editor.csproj", "{3D12762D-337B-E8F0-FCA6-AC57286C3145}"
EndProject
Global
	GlobalSection(SolutionConfigurationPlatforms) = preSolution
		Debug|Any CPU = Debug|Any CPU
		Release|Any CPU = Release|Any CPU
	EndGlobalSection
	GlobalSection(ProjectConfigurationPlatforms) = postSolution
		{7746D20F-960A-961A-C537-4BF4228A88D1}.Debug|Any CPU.ActiveCfg = Debug|Any CPU
		{7746D20F-960A-961A-C537-4BF4228A88D1}.Debug|Any CPU.Build.0 = Debug|Any CPU
		{7746D20F-960A-961A-C537-4BF4228A88D1}.Release|Any CPU.ActiveCfg = Release|Any CPU
		{7746D20F-960A-961A-C537-4BF4228A88D1}.Release|Any CPU.Build.0 = Release|Any CPU
		{3D12762D-337B-E8F0-FCA6-AC57286C3145}.Debug|Any CPU.ActiveCfg = Debug|Any CPU
		{3D12762D-337B-E8F0-FCA6-AC57286C3145}.Debug|Any CPU.Build.0 = Debug|Any CPU
		{3D12762D-337B-E8F0-FCA6-AC57286C3145}.Release|Any CPU.ActiveCfg = Release|Any CPU
		{3D12762D-337B-E8F0-FCA6-AC57286C3145}.Release|Any CPU.Build.0 = Release|Any CPU
	EndGlobalSection
	GlobalSection(SolutionProperties) = preSolution
		HideSolutionNode = FALSE
	EndGlobalSection
EndGlobal
